
Microsoft Visual Studio Solution File, Format Version 12.00
# Visual Studio Version 17
VisualStudioVersion = 17.13.35806.99 d17.13
MinimumVisualStudioVersion = 10.0.40219.1
Project("{FAE04EC0-301F-11D3-BF4B-00C04F79EFBC}") = "BlazorBikeStore", "BlazorBikeStore.csproj", "{B087B123-E0C4-4CFF-BB5B-C08E3D6B4A97}"
EndProject
Global
	GlobalSection(SolutionConfigurationPlatforms) = preSolution
		Debug|Any CPU = Debug|Any CPU
		Release|Any CPU = Release|Any CPU
	EndGlobalSection
	GlobalSection(ProjectConfigurationPlatforms) = postSolution
		{B087B123-E0C4-4CFF-BB5B-C08E3D6B4A97}.Debug|Any CPU.ActiveCfg = Debug|Any CPU
		{B087B123-E0C4-4CFF-BB5B-C08E3D6B4A97}.Debug|Any CPU.Build.0 = Debug|Any CPU
		{B087B123-E0C4-4CFF-BB5B-C08E3D6B4A97}.Release|Any CPU.ActiveCfg = Release|Any CPU
		{B087B123-E0C4-4CFF-BB5B-C08E3D6B4A97}.Release|Any CPU.Build.0 = Release|Any CPU
	EndGlobalSection
	GlobalSection(SolutionProperties) = preSolution
		HideSolutionNode = FALSE
	EndGlobalSection
	GlobalSection(ExtensibilityGlobals) = postSolution
		SolutionGuid = {67DA783B-E549-44DC-B634-0CAF2A9E6C2B}
	EndGlobalSection
EndGlobal
